
Microsoft Visual Studio Solution File, Format Version 12.00
# Visual Studio Version 16
VisualStudioVersion = 16.0.30011.22
MinimumVisualStudioVersion = 10.0.40219.1
Project("{9A19103F-16F7-4668-BE54-9A1E7A4F7556}") = "p0", "p0.csproj", "{AF892526-A6D7-434A-BCB1-2B03B992C166}"
EndProject
Project("{FAE04EC0-301F-11D3-BF4B-00C04F79EFBC}") = "p0_test", "..\p0_test\p0_test.csproj", "{932E17F2-379E-436F-8B41-6F0CDD308F54}"
EndProject
Global
	GlobalSection(SolutionConfigurationPlatforms) = preSolution
		Debug|Any CPU = Debug|Any CPU
		Release|Any CPU = Release|Any CPU
	EndGlobalSection
	GlobalSection(ProjectConfigurationPlatforms) = postSolution
		{AF892526-A6D7-434A-BCB1-2B03B992C166}.Debug|Any CPU.ActiveCfg = Debug|Any CPU
		{AF892526-A6D7-434A-BCB1-2B03B992C166}.Debug|Any CPU.Build.0 = Debug|Any CPU
		{AF892526-A6D7-434A-BCB1-2B03B992C166}.Release|Any CPU.ActiveCfg = Release|Any CPU
		{AF892526-A6D7-434A-BCB1-2B03B992C166}.Release|Any CPU.Build.0 = Release|Any CPU
		{932E17F2-379E-436F-8B41-6F0CDD308F54}.Debug|Any CPU.ActiveCfg = Debug|Any CPU
		{932E17F2-379E-436F-8B41-6F0CDD308F54}.Debug|Any CPU.Build.0 = Debug|Any CPU
		{932E17F2-379E-436F-8B41-6F0CDD308F54}.Release|Any CPU.ActiveCfg = Release|Any CPU
		{932E17F2-379E-436F-8B41-6F0CDD308F54}.Release|Any CPU.Build.0 = Release|Any CPU
	EndGlobalSection
	GlobalSection(SolutionProperties) = preSolution
		HideSolutionNode = FALSE
	EndGlobalSection
	GlobalSection(ExtensibilityGlobals) = postSolution
		SolutionGuid = {18CE90D2-87ED-4EAC-A423-326C303B1E30}
	EndGlobalSection
EndGlobal
